// !$*UTF8*$!
{
	archiveVersion = 1;
	classes = {
	};
	objectVersion = 48;
	objects = {

/* Begin PBXBuildFile section */
		AE69D3E21FDB4B5400EA7CB3 /* AppDelegate.swift in Sources */ = {isa = PBXBuildFile; fileRef = AE69D3E11FDB4B5400EA7CB3 /* AppDelegate.swift */; };
		AE69D3E41FDB4B5400EA7CB3 /* ViewController.swift in Sources */ = {isa = PBXBuildFile; fileRef = AE69D3E31FDB4B5400EA7CB3 /* ViewController.swift */; };
		AE69D3E71FDB4B5400EA7CB3 /* Main.storyboard in Resources */ = {isa = PBXBuildFile; fileRef = AE69D3E51FDB4B5400EA7CB3 /* Main.storyboard */; };
		AE69D3EA1FDB4B5400EA7CB3 /* CoursePlanner.xcdatamodeld in Sources */ = {isa = PBXBuildFile; fileRef = AE69D3E81FDB4B5400EA7CB3 /* CoursePlanner.xcdatamodeld */; };
		AE69D3EC1FDB4B5400EA7CB3 /* Assets.xcassets in Resources */ = {isa = PBXBuildFile; fileRef = AE69D3EB1FDB4B5400EA7CB3 /* Assets.xcassets */; };
		AE69D3EF1FDB4B5400EA7CB3 /* LaunchScreen.storyboard in Resources */ = {isa = PBXBuildFile; fileRef = AE69D3ED1FDB4B5400EA7CB3 /* LaunchScreen.storyboard */; };
/* End PBXBuildFile section */

/* Begin PBXFileReference section */
		AE69D3DE1FDB4B5400EA7CB3 /* CoursePlanner.app */ = {isa = PBXFileReference; explicitFileType = wrapper.application; includeInIndex = 0; path = CoursePlanner.app; sourceTree = BUILT_PRODUCTS_DIR; };
		AE69D3E11FDB4B5400EA7CB3 /* AppDelegate.swift */ = {isa = PBXFileReference; lastKnownFileType = sourcecode.swift; path = AppDelegate.swift; sourceTree = "<group>"; };
		AE69D3E31FDB4B5400EA7CB3 /* ViewController.swift */ = {isa = PBXFileReference; lastKnownFileType = sourcecode.swift; path = ViewController.swift; sourceTree = "<group>"; };
		AE69D3E61FDB4B5400EA7CB3 /* Base */ = {isa = PBXFileReference; lastKnownFileType = file.storyboard; name = Base; path = Base.lproj/Main.storyboard; sourceTree = "<group>"; };
		AE69D3E91FDB4B5400EA7CB3 /* CoursePlanner.xcdatamodel */ = {isa = PBXFileReference; lastKnownFileType = wrapper.xcdatamodel; path = CoursePlanner.xcdatamodel; sourceTree = "<group>"; };
		AE69D3EB1FDB4B5400EA7CB3 /* Assets.xcassets */ = {isa = PBXFileReference; lastKnownFileType = folder.assetcatalog; path = Assets.xcassets; sourceTree = "<group>"; };
		AE69D3EE1FDB4B5400EA7CB3 /* Base */ = {isa = PBXFileReference; lastKnownFileType = file.storyboard; name = Base; path = Base.lproj/LaunchScreen.storyboard; sourceTree = "<group>"; };
		AE69D3F01FDB4B5400EA7CB3 /* Info.plist */ = {isa = PBXFileReference; lastKnownFileType = text.plist.xml; path = Info.plist; sourceTree = "<group>"; };
/* End PBXFileReference section */

/* Begin PBXFrameworksBuildPhase section */
		AE69D3DB1FDB4B5400EA7CB3 /* Frameworks */ = {
			isa = PBXFrameworksBuildPhase;
			buildActionMask = 2147483647;
			files = (
			);
			runOnlyForDeploymentPostprocessing = 0;
		};
/* End PBXFrameworksBuildPhase section */

/* Begin PBXGroup section */
		AE69D3D51FDB4B5300EA7CB3 = {
			isa = PBXGroup;
			children = (
				AE69D3E01FDB4B5400EA7CB3 /* CoursePlanner */,
				AE69D3DF1FDB4B5400EA7CB3 /* Products */,
			);
			sourceTree = "<group>";
		};
		AE69D3DF1FDB4B5400EA7CB3 /* Products */ = {
			isa = PBXGroup;
			children = (
				AE69D3DE1FDB4B5400EA7CB3 /* CoursePlanner.app */,
			);
			name = Products;
			sourceTree = "<group>";
		};
		AE69D3E01FDB4B5400EA7CB3 /* CoursePlanner */ = {
			isa = PBXGroup;
			children = (
				AE69D3E11FDB4B5400EA7CB3 /* AppDelegate.swift */,
				AE69D3E31FDB4B5400EA7CB3 /* ViewController.swift */,
				AE69D3E51FDB4B5400EA7CB3 /* Main.storyboard */,
				AE69D3EB1FDB4B5400EA7CB3 /* Assets.xcassets */,
				AE69D3ED1FDB4B5400EA7CB3 /* LaunchScreen.storyboard */,
				AE69D3F01FDB4B5400EA7CB3 /* Info.plist */,
				AE69D3E81FDB4B5400EA7CB3 /* CoursePlanner.xcdatamodeld */,
			);
			path = CoursePlanner;
			sourceTree = "<group>";
		};
/* End PBXGroup section */

/* Begin PBXNativeTarget section */
		AE69D3DD1FDB4B5400EA7CB3 /* CoursePlanner */ = {
			isa = PBXNativeTarget;
			buildConfigurationList = AE69D3F31FDB4B5400EA7CB3 /* Build configuration list for PBXNativeTarget "CoursePlanner" */;
			buildPhases = (
				AE69D3DA1FDB4B5400EA7CB3 /* Sources */,
				AE69D3DB1FDB4B5400EA7CB3 /* Frameworks */,
				AE69D3DC1FDB4B5400EA7CB3 /* Resources */,
			);
			buildRules = (
			);
			dependencies = (
			);
			name = CoursePlanner;
			productName = CoursePlanner;
			productReference = AE69D3DE1FDB4B5400EA7CB3 /* CoursePlanner.app */;
			productType = "com.apple.product-type.application";
		};
/* End PBXNativeTarget section */

/* Begin PBXProject section */
		AE69D3D61FDB4B5300EA7CB3 /* Project object */ = {
			isa = PBXProject;
			attributes = {
				LastSwiftUpdateCheck = 0920;
				LastUpgradeCheck = 0920;
				ORGANIZATIONNAME = "Duncan MacDonald";
				TargetAttributes = {
					AE69D3DD1FDB4B5400EA7CB3 = {
						CreatedOnToolsVersion = 9.2;
						ProvisioningStyle = Automatic;
					};
				};
			};
			buildConfigurationList = AE69D3D91FDB4B5300EA7CB3 /* Build configuration list for PBXProject "CoursePlanner" */;
			compatibilityVersion = "Xcode 8.0";
			developmentRegion = en;
			hasScannedForEncodings = 0;
			knownRegions = (
				en,
				Base,
			);
			mainGroup = AE69D3D51FDB4B5300EA7CB3;
			productRefGroup = AE69D3DF1FDB4B5400EA7CB3 /* Products */;
			projectDirPath = "";
			projectRoot = "";
			targets = (
				AE69D3DD1FDB4B5400EA7CB3 /* CoursePlanner */,
			);
		};
/* End PBXProject section */

/* Begin PBXResourcesBuildPhase section */
		AE69D3DC1FDB4B5400EA7CB3 /* Resources */ = {
			isa = PBXResourcesBuildPhase;
			buildActionMask = 2147483647;
			files = (
				AE69D3EF1FDB4B5400EA7CB3 /* LaunchScreen.storyboard in Resources */,
				AE69D3EC1FDB4B5400EA7CB3 /* Assets.xcassets in Resources */,
				AE69D3E71FDB4B5400EA7CB3 /* Main.storyboard in Resources */,
			);
			runOnlyForDeploymentPostprocessing = 0;
		};
/* End PBXResourcesBuildPhase section */

/* Begin PBXSourcesBuildPhase section */
		AE69D3DA1FDB4B5400EA7CB3 /* Sources */ = {
			isa = PBXSourcesBuildPhase;
			buildActionMask = 2147483647;
			files = (
				AE69D3E41FDB4B5400EA7CB3 /* ViewController.swift in Sources */,
				AE69D3E21FDB4B5400EA7CB3 /* AppDelegate.swift in Sources */,
				AE69D3EA1FDB4B5400EA7CB3 /* CoursePlanner.xcdatamodeld in Sources */,
			);
			runOnlyForDeploymentPostprocessing = 0;
		};
/* End PBXSourcesBuildPhase section */

/* Begin PBXVariantGroup section */
		AE69D3E51FDB4B5400EA7CB3 /* Main.storyboard */ = {
			isa = PBXVariantGroup;
			children = (
				AE69D3E61FDB4B5400EA7CB3 /* Base */,
			);
			name = Main.storyboard;
			sourceTree = "<group>";
		};
		AE69D3ED1FDB4B5400EA7CB3 /* LaunchScreen.storyboard */ = {
			isa = PBXVariantGroup;
			children = (
				AE69D3EE1FDB4B5400EA7CB3 /* Base */,
			);
			name = LaunchScreen.storyboard;
			sourceTree = "<group>";
		};
/* End PBXVariantGroup section */

/* Begin XCBuildConfiguration section */
		AE69D3F11FDB4B5400EA7CB3 /* Debug */ = {
			isa = XCBuildConfiguration;
			buildSettings = {
				ALWAYS_SEARCH_USER_PATHS = NO;
				CLANG_ANALYZER_NONNULL = YES;
				CLANG_ANALYZER_NUMBER_OBJECT_CONVERSION = YES_AGGRESSIVE;
				CLANG_CXX_LANGUAGE_STANDARD = "gnu++14";
				CLANG_CXX_LIBRARY = "libc++";
				CLANG_ENABLE_MODULES = YES;
				CLANG_ENABLE_OBJC_ARC = YES;
				CLANG_WARN_BLOCK_CAPTURE_AUTORELEASING = YES;
				CLANG_WARN_BOOL_CONVERSION = YES;
				CLANG_WARN_COMMA = YES;
				CLANG_WARN_CONSTANT_CONVERSION = YES;
				CLANG_WARN_DIRECT_OBJC_ISA_USAGE = YES_ERROR;
				CLANG_WARN_DOCUMENTATION_COMMENTS = YES;
				CLANG_WARN_EMPTY_BODY = YES;
				CLANG_WARN_ENUM_CONVERSION = YES;
				CLANG_WARN_INFINITE_RECURSION = YES;
				CLANG_WARN_INT_CONVERSION = YES;
				CLANG_WARN_NON_LITERAL_NULL_CONVERSION = YES;
				CLANG_WARN_OBJC_LITERAL_CONVERSION = YES;
				CLANG_WARN_OBJC_ROOT_CLASS = YES_ERROR;
				CLANG_WARN_RANGE_LOOP_ANALYSIS = YES;
				CLANG_WARN_STRICT_PROTOTYPES = YES;
				CLANG_WARN_SUSPICIOUS_MOVE = YES;
				CLANG_WARN_UNGUARDED_AVAILABILITY = YES_AGGRESSIVE;
				CLANG_WARN_UNREACHABLE_CODE = YES;
				CLANG_WARN__DUPLICATE_METHOD_MATCH = YES;
				CODE_SIGN_IDENTITY = "iPhone Developer";
				COPY_PHASE_STRIP = NO;
				DEBUG_INFORMATION_FORMAT = dwarf;
				ENABLE_STRICT_OBJC_MSGSEND = YES;
				ENABLE_TESTABILITY = YES;
				GCC_C_LANGUAGE_STANDARD = gnu11;
				GCC_DYNAMIC_NO_PIC = NO;
				GCC_NO_COMMON_BLOCKS = YES;
				GCC_OPTIMIZATION_LEVEL = 0;
				GCC_PREPROCESSOR_DEFINITIONS = (
					"DEBUG=1",
					"$(inherited)",
				);
				GCC_WARN_64_TO_32_BIT_CONVERSION = YES;
				GCC_WARN_ABOUT_RETURN_TYPE = YES_ERROR;
				GCC_WARN_UNDECLARED_SELECTOR = YES;
				GCC_WARN_UNINITIALIZED_AUTOS = YES_AGGRESSIVE;
				GCC_WARN_UNUSED_FUNCTION = YES;
				GCC_WARN_UNUSED_VARIABLE = YES;
				IPHONEOS_DEPLOYMENT_TARGET = 11.2;
				MTL_ENABLE_DEBUG_INFO = YES;
				ONLY_ACTIVE_ARCH = YES;
				SDKROOT = iphoneos;
				SWIFT_ACTIVE_COMPILATION_CONDITIONS = DEBUG;
				SWIFT_OPTIMIZATION_LEVEL = "-Onone";
			};
			name = Debug;
		};
		AE69D3F21FDB4B5400EA7CB3 /* Release */ = {
			isa = XCBuildConfiguration;
			buildSettings = {
				ALWAYS_SEARCH_USER_PATHS = NO;
				CLANG_ANALYZER_NONNULL = YES;
				CLANG_ANALYZER_NUMBER_OBJECT_CONVERSION = YES_AGGRESSIVE;
				CLANG_CXX_LANGUAGE_STANDARD = "gnu++14";
				CLANG_CXX_LIBRARY = "libc++";
				CLANG_ENABLE_MODULES = YES;
				CLANG_ENABLE_OBJC_ARC = YES;
				CLANG_WARN_BLOCK_CAPTURE_AUTORELEASING = YES;
				CLANG_WARN_BOOL_CONVERSION = YES;
				CLANG_WARN_COMMA = YES;
				CLANG_WARN_CONSTANT_CONVERSION = YES;
				CLANG_WARN_DIRECT_OBJC_ISA_USAGE = YES_ERROR;
				CLANG_WARN_DOCUMENTATION_COMMENTS = YES;
				CLANG_WARN_EMPTY_BODY = YES;
				CLANG_WARN_ENUM_CONVERSION = YES;
				CLANG_WARN_INFINITE_RECURSION = YES;
				CLANG_WARN_INT_CONVERSION = YES;
				CLANG_WARN_NON_LITERAL_NULL_CONVERSION = YES;
				CLANG_WARN_OBJC_LITERAL_CONVERSION = YES;
				CLANG_WARN_OBJC_ROOT_CLASS = YES_ERROR;
				CLANG_WARN_RANGE_LOOP_ANALYSIS = YES;
				CLANG_WARN_STRICT_PROTOTYPES = YES;
				CLANG_WARN_SUSPICIOUS_MOVE = YES;
				CLANG_WARN_UNGUARDED_AVAILABILITY = YES_AGGRESSIVE;
				CLANG_WARN_UNREACHABLE_CODE = YES;
				CLANG_WARN__DUPLICATE_METHOD_MATCH = YES;
				CODE_SIGN_IDENTITY = "iPhone Developer";
				COPY_PHASE_STRIP = NO;
				DEBUG_INFORMATION_FORMAT = "dwarf-with-dsym";
				ENABLE_NS_ASSERTIONS = NO;
				ENABLE_STRICT_OBJC_MSGSEND = YES;
				GCC_C_LANGUAGE_STANDARD = gnu11;
				GCC_NO_COMMON_BLOCKS = YES;
				GCC_WARN_64_TO_32_BIT_CONVERSION = YES;
				GCC_WARN_ABOUT_RETURN_TYPE = YES_ERROR;
				GCC_WARN_UNDECLARED_SELECTOR = YES;
				GCC_WARN_UNINITIALIZED_AUTOS = YES_AGGRESSIVE;
				GCC_WARN_UNUSED_FUNCTION = YES;
				GCC_WARN_UNUSED_VARIABLE = YES;
				IPHONEOS_DEPLOYMENT_TARGET = 11.2;
				MTL_ENABLE_DEBUG_INFO = NO;
				SDKROOT = iphoneos;
				SWIFT_OPTIMIZATION_LEVEL = "-Owholemodule";
				VALIDATE_PRODUCT = YES;
			};
			name = Release;
		};
		AE69D3F41FDB4B5400EA7CB3 /* Debug */ = {
			isa = XCBuildConfiguration;
			buildSettings = {
				ASSETCATALOG_COMPILER_APPICON_NAME = AppIcon;
				CODE_SIGN_STYLE = Automatic;
				DEVELOPMENT_TEAM = P4PBGN25JV;
				INFOPLIST_FILE = CoursePlanner/Info.plist;
				LD_RUNPATH_SEARCH_PATHS = "$(inherited) @executable_path/Frameworks";
				PRODUCT_BUNDLE_IDENTIFIER = us.duncanmacdonald.CoursePlanner;
				PRODUCT_NAME = "$(TARGET_NAME)";
				SWIFT_VERSION = 4.0;
				TARGETED_DEVICE_FAMILY = "1,2";
			};
			name = Debug;
		};
		AE69D3F51FDB4B5400EA7CB3 /* Release */ = {
			isa = XCBuildConfiguration;
			buildSettings = {
				ASSETCATALOG_COMPILER_APPICON_NAME = AppIcon;
				CODE_SIGN_STYLE = Automatic;
				DEVELOPMENT_TEAM = P4PBGN25JV;
				INFOPLIST_FILE = CoursePlanner/Info.plist;
				LD_RUNPATH_SEARCH_PATHS = "$(inherited) @executable_path/Frameworks";
				PRODUCT_BUNDLE_IDENTIFIER = us.duncanmacdonald.CoursePlanner;
				PRODUCT_NAME = "$(TARGET_NAME)";
				SWIFT_VERSION = 4.0;
				TARGETED_DEVICE_FAMILY = "1,2";
			};
			name = Release;
		};
/* End XCBuildConfiguration section */

/* Begin XCConfigurationList section */
		AE69D3D91FDB4B5300EA7CB3 /* Build configuration list for PBXProject "CoursePlanner" */ = {
			isa = XCConfigurationList;
			buildConfigurations = (
				AE69D3F11FDB4B5400EA7CB3 /* Debug */,
				AE69D3F21FDB4B5400EA7CB3 /* Release */,
			);
			defaultConfigurationIsVisible = 0;
			defaultConfigurationName = Release;
		};
		AE69D3F31FDB4B5400EA7CB3 /* Build configuration list for PBXNativeTarget "CoursePlanner" */ = {
			isa = XCConfigurationList;
			buildConfigurations = (
				AE69D3F41FDB4B5400EA7CB3 /* Debug */,
				AE69D3F51FDB4B5400EA7CB3 /* Release */,
			);
			defaultConfigurationIsVisible = 0;
			defaultConfigurationName = Release;
		};
/* End XCConfigurationList section */

/* Begin XCVersionGroup section */
		AE69D3E81FDB4B5400EA7CB3 /* CoursePlanner.xcdatamodeld */ = {
			isa = XCVersionGroup;
			children = (
				AE69D3E91FDB4B5400EA7CB3 /* CoursePlanner.xcdatamodel */,
			);
			currentVersion = AE69D3E91FDB4B5400EA7CB3 /* CoursePlanner.xcdatamodel */;
			path = CoursePlanner.xcdatamodeld;
			sourceTree = "<group>";
			versionGroupType = wrapper.xcdatamodel;
		};
/* End XCVersionGroup section */
	};
	rootObject = AE69D3D61FDB4B5300EA7CB3 /* Project object */;
}
